
Microsoft Visual Studio Solution File, Format Version 12.00
# Visual Studio Version 17
VisualStudioVersion = 17.1.32421.90
MinimumVisualStudioVersion = 10.0.40219.1
Project("{FAE04EC0-301F-11D3-BF4B-00C04F79EFBC}") = "D", "D\D.csproj", "{6AEA78A7-5E34-4856-A61F-DF72D89A0CAE}"
EndProject
Global
	GlobalSection(SolutionConfigurationPlatforms) = preSolution
		Debug|Any CPU = Debug|Any CPU
		Release|Any CPU = Release|Any CPU
	EndGlobalSection
	GlobalSection(ProjectConfigurationPlatforms) = postSolution
		{6AEA78A7-5E34-4856-A61F-DF72D89A0CAE}.Debug|Any CPU.ActiveCfg = Debug|Any CPU
		{6AEA78A7-5E34-4856-A61F-DF72D89A0CAE}.Debug|Any CPU.Build.0 = Debug|Any CPU
		{6AEA78A7-5E34-4856-A61F-DF72D89A0CAE}.Release|Any CPU.ActiveCfg = Release|Any CPU
		{6AEA78A7-5E34-4856-A61F-DF72D89A0CAE}.Release|Any CPU.Build.0 = Release|Any CPU
	EndGlobalSection
	GlobalSection(SolutionProperties) = preSolution
		HideSolutionNode = FALSE
	EndGlobalSection
	GlobalSection(ExtensibilityGlobals) = postSolution
		SolutionGuid = {A6A0DCF6-BA06-4532-9211-298188C9DAF8}
	EndGlobalSection
EndGlobal
