
Microsoft Visual Studio Solution File, Format Version 12.00
# Visual Studio Version 17
VisualStudioVersion = 17.1.32421.90
MinimumVisualStudioVersion = 10.0.40219.1
Project("{FAE04EC0-301F-11D3-BF4B-00C04F79EFBC}") = "E", "E\E.csproj", "{44B60B83-2A31-4F42-A083-F88ACA7ED62A}"
EndProject
Global
	GlobalSection(SolutionConfigurationPlatforms) = preSolution
		Debug|Any CPU = Debug|Any CPU
		Release|Any CPU = Release|Any CPU
	EndGlobalSection
	GlobalSection(ProjectConfigurationPlatforms) = postSolution
		{44B60B83-2A31-4F42-A083-F88ACA7ED62A}.Debug|Any CPU.ActiveCfg = Debug|Any CPU
		{44B60B83-2A31-4F42-A083-F88ACA7ED62A}.Debug|Any CPU.Build.0 = Debug|Any CPU
		{44B60B83-2A31-4F42-A083-F88ACA7ED62A}.Release|Any CPU.ActiveCfg = Release|Any CPU
		{44B60B83-2A31-4F42-A083-F88ACA7ED62A}.Release|Any CPU.Build.0 = Release|Any CPU
	EndGlobalSection
	GlobalSection(SolutionProperties) = preSolution
		HideSolutionNode = FALSE
	EndGlobalSection
	GlobalSection(ExtensibilityGlobals) = postSolution
		SolutionGuid = {D36A211C-1B81-4EAA-AB29-1E50528960E2}
	EndGlobalSection
EndGlobal
